
Microsoft Visual Studio Solution File, Format Version 12.00
# Visual Studio Version 17
VisualStudioVersion = 17.8.34511.84
MinimumVisualStudioVersion = 10.0.40219.1
Project("{FAE04EC0-301F-11D3-BF4B-00C04F79EFBC}") = "AuthSample", "AuthSample\AuthSample.csproj", "{AD4EF34F-C985-4A00-BC64-5AF1CBAA28B5}"
EndProject
Project("{E53339B2-1760-4266-BCC7-CA923CBCF16C}") = "docker-compose", "docker-compose.dcproj", "{29C505B9-7526-42DC-BE63-C7BB09D7202C}"
EndProject
Global
	GlobalSection(SolutionConfigurationPlatforms) = preSolution
		Debug|Any CPU = Debug|Any CPU
		Release|Any CPU = Release|Any CPU
	EndGlobalSection
	GlobalSection(ProjectConfigurationPlatforms) = postSolution
		{AD4EF34F-C985-4A00-BC64-5AF1CBAA28B5}.Debug|Any CPU.ActiveCfg = Debug|Any CPU
		{AD4EF34F-C985-4A00-BC64-5AF1CBAA28B5}.Debug|Any CPU.Build.0 = Debug|Any CPU
		{AD4EF34F-C985-4A00-BC64-5AF1CBAA28B5}.Release|Any CPU.ActiveCfg = Release|Any CPU
		{AD4EF34F-C985-4A00-BC64-5AF1CBAA28B5}.Release|Any CPU.Build.0 = Release|Any CPU
		{29C505B9-7526-42DC-BE63-C7BB09D7202C}.Debug|Any CPU.ActiveCfg = Debug|Any CPU
		{29C505B9-7526-42DC-BE63-C7BB09D7202C}.Debug|Any CPU.Build.0 = Debug|Any CPU
		{29C505B9-7526-42DC-BE63-C7BB09D7202C}.Release|Any CPU.ActiveCfg = Release|Any CPU
		{29C505B9-7526-42DC-BE63-C7BB09D7202C}.Release|Any CPU.Build.0 = Release|Any CPU
	EndGlobalSection
	GlobalSection(SolutionProperties) = preSolution
		HideSolutionNode = FALSE
	EndGlobalSection
	GlobalSection(ExtensibilityGlobals) = postSolution
		SolutionGuid = {B058B73A-0B48-48FC-91D7-31FA9193E9F1}
	EndGlobalSection
EndGlobal
